
Microsoft Visual Studio Solution File, Format Version 12.00
# Visual Studio 15
Project("{FAE04EC0-301F-11D3-BF4B-00C04F79EFBC}") = "Assembly-CSharp", "Assembly-CSharp.csproj", "{C401FE4A-F729-4444-965F-242D62700149}"
EndProject
Project("{FAE04EC0-301F-11D3-BF4B-00C04F79EFBC}") = "Fusion.Unity", "Fusion.Unity.csproj", "{F3A49E83-66DB-212A-FA50-DFCEEEDF5A28}"
EndProject
Project("{FAE04EC0-301F-11D3-BF4B-00C04F79EFBC}") = "ToonyColorsPro2.Demo", "ToonyColorsPro2.Demo.csproj", "{D0A8BCFD-C167-C4B2-67FD-EABBDF8F8AAF}"
EndProject
Project("{FAE04EC0-301F-11D3-BF4B-00C04F79EFBC}") = "ToonyColorsPro.Runtime", "ToonyColorsPro.Runtime.csproj", "{088D74E2-8461-40A2-5D2F-1B80201F54DD}"
EndProject
Project("{FAE04EC0-301F-11D3-BF4B-00C04F79EFBC}") = "KinoBloom.Runtime", "KinoBloom.Runtime.csproj", "{64255967-C403-2356-7A21-CA8B68156689}"
EndProject
Project("{FAE04EC0-301F-11D3-BF4B-00C04F79EFBC}") = "MCPForUnity.Runtime", "MCPForUnity.Runtime.csproj", "{EE750E9A-A1B7-3E74-A8B7-6FD5CBA775BF}"
EndProject
Project("{FAE04EC0-301F-11D3-BF4B-00C04F79EFBC}") = "ToonyColorsPro.Editor", "ToonyColorsPro.Editor.csproj", "{2EB19B43-1CC2-886D-5AE5-139E66464048}"
EndProject
Project("{FAE04EC0-301F-11D3-BF4B-00C04F79EFBC}") = "Fusion.Unity.Editor", "Fusion.Unity.Editor.csproj", "{84A4749F-DA97-9041-E75A-B60BEFEFF3A2}"
EndProject
Project("{FAE04EC0-301F-11D3-BF4B-00C04F79EFBC}") = "Assembly-CSharp-Editor", "Assembly-CSharp-Editor.csproj", "{E1CD1B35-7413-6B12-1D00-001058D0AF08}"
EndProject
Project("{FAE04EC0-301F-11D3-BF4B-00C04F79EFBC}") = "Unity.Fusion.CodeGen", "Unity.Fusion.CodeGen.csproj", "{E4713682-0AA1-E11A-4ED5-0B44D0B6904E}"
EndProject
Project("{FAE04EC0-301F-11D3-BF4B-00C04F79EFBC}") = "ToonyColorsPro.Demo.Editor", "ToonyColorsPro.Demo.Editor.csproj", "{D463E1B0-0FB9-E642-D2A3-31773F2BD8D3}"
EndProject
Project("{FAE04EC0-301F-11D3-BF4B-00C04F79EFBC}") = "MCPForUnity.Editor", "MCPForUnity.Editor.csproj", "{143D83C3-2A1C-99F1-6A5E-82337A31E42D}"
EndProject
Global
	GlobalSection(SolutionConfigurationPlatforms) = preSolution
		Debug|Any CPU = Debug|Any CPU
		Release|Any CPU = Release|Any CPU
	EndGlobalSection
	GlobalSection(ProjectConfigurationPlatforms) = postSolution
		{C401FE4A-F729-4444-965F-242D62700149}.Debug|Any CPU.ActiveCfg = Debug|Any CPU
		{C401FE4A-F729-4444-965F-242D62700149}.Debug|Any CPU.Build.0 = Debug|Any CPU
		{C401FE4A-F729-4444-965F-242D62700149}.Release|Any CPU.ActiveCfg = Release|Any CPU
		{C401FE4A-F729-4444-965F-242D62700149}.Release|Any CPU.Build.0 = Release|Any CPU
		{F3A49E83-66DB-212A-FA50-DFCEEEDF5A28}.Debug|Any CPU.ActiveCfg = Debug|Any CPU
		{F3A49E83-66DB-212A-FA50-DFCEEEDF5A28}.Debug|Any CPU.Build.0 = Debug|Any CPU
		{F3A49E83-66DB-212A-FA50-DFCEEEDF5A28}.Release|Any CPU.ActiveCfg = Release|Any CPU
		{F3A49E83-66DB-212A-FA50-DFCEEEDF5A28}.Release|Any CPU.Build.0 = Release|Any CPU
		{D0A8BCFD-C167-C4B2-67FD-EABBDF8F8AAF}.Debug|Any CPU.ActiveCfg = Debug|Any CPU
		{D0A8BCFD-C167-C4B2-67FD-EABBDF8F8AAF}.Debug|Any CPU.Build.0 = Debug|Any CPU
		{D0A8BCFD-C167-C4B2-67FD-EABBDF8F8AAF}.Release|Any CPU.ActiveCfg = Release|Any CPU
		{D0A8BCFD-C167-C4B2-67FD-EABBDF8F8AAF}.Release|Any CPU.Build.0 = Release|Any CPU
		{088D74E2-8461-40A2-5D2F-1B80201F54DD}.Debug|Any CPU.ActiveCfg = Debug|Any CPU
		{088D74E2-8461-40A2-5D2F-1B80201F54DD}.Debug|Any CPU.Build.0 = Debug|Any CPU
		{088D74E2-8461-40A2-5D2F-1B80201F54DD}.Release|Any CPU.ActiveCfg = Release|Any CPU
		{088D74E2-8461-40A2-5D2F-1B80201F54DD}.Release|Any CPU.Build.0 = Release|Any CPU
		{64255967-C403-2356-7A21-CA8B68156689}.Debug|Any CPU.ActiveCfg = Debug|Any CPU
		{64255967-C403-2356-7A21-CA8B68156689}.Debug|Any CPU.Build.0 = Debug|Any CPU
		{64255967-C403-2356-7A21-CA8B68156689}.Release|Any CPU.ActiveCfg = Release|Any CPU
		{64255967-C403-2356-7A21-CA8B68156689}.Release|Any CPU.Build.0 = Release|Any CPU
		{EE750E9A-A1B7-3E74-A8B7-6FD5CBA775BF}.Debug|Any CPU.ActiveCfg = Debug|Any CPU
		{EE750E9A-A1B7-3E74-A8B7-6FD5CBA775BF}.Debug|Any CPU.Build.0 = Debug|Any CPU
		{EE750E9A-A1B7-3E74-A8B7-6FD5CBA775BF}.Release|Any CPU.ActiveCfg = Release|Any CPU
		{EE750E9A-A1B7-3E74-A8B7-6FD5CBA775BF}.Release|Any CPU.Build.0 = Release|Any CPU
		{2EB19B43-1CC2-886D-5AE5-139E66464048}.Debug|Any CPU.ActiveCfg = Debug|Any CPU
		{2EB19B43-1CC2-886D-5AE5-139E66464048}.Debug|Any CPU.Build.0 = Debug|Any CPU
		{2EB19B43-1CC2-886D-5AE5-139E66464048}.Release|Any CPU.ActiveCfg = Release|Any CPU
		{2EB19B43-1CC2-886D-5AE5-139E66464048}.Release|Any CPU.Build.0 = Release|Any CPU
		{84A4749F-DA97-9041-E75A-B60BEFEFF3A2}.Debug|Any CPU.ActiveCfg = Debug|Any CPU
		{84A4749F-DA97-9041-E75A-B60BEFEFF3A2}.Debug|Any CPU.Build.0 = Debug|Any CPU
		{84A4749F-DA97-9041-E75A-B60BEFEFF3A2}.Release|Any CPU.ActiveCfg = Release|Any CPU
		{84A4749F-DA97-9041-E75A-B60BEFEFF3A2}.Release|Any CPU.Build.0 = Release|Any CPU
		{E1CD1B35-7413-6B12-1D00-001058D0AF08}.Debug|Any CPU.ActiveCfg = Debug|Any CPU
		{E1CD1B35-7413-6B12-1D00-001058D0AF08}.Debug|Any CPU.Build.0 = Debug|Any CPU
		{E1CD1B35-7413-6B12-1D00-001058D0AF08}.Release|Any CPU.ActiveCfg = Release|Any CPU
		{E1CD1B35-7413-6B12-1D00-001058D0AF08}.Release|Any CPU.Build.0 = Release|Any CPU
		{E4713682-0AA1-E11A-4ED5-0B44D0B6904E}.Debug|Any CPU.ActiveCfg = Debug|Any CPU
		{E4713682-0AA1-E11A-4ED5-0B44D0B6904E}.Debug|Any CPU.Build.0 = Debug|Any CPU
		{E4713682-0AA1-E11A-4ED5-0B44D0B6904E}.Release|Any CPU.ActiveCfg = Release|Any CPU
		{E4713682-0AA1-E11A-4ED5-0B44D0B6904E}.Release|Any CPU.Build.0 = Release|Any CPU
		{D463E1B0-0FB9-E642-D2A3-31773F2BD8D3}.Debug|Any CPU.ActiveCfg = Debug|Any CPU
		{D463E1B0-0FB9-E642-D2A3-31773F2BD8D3}.Debug|Any CPU.Build.0 = Debug|Any CPU
		{D463E1B0-0FB9-E642-D2A3-31773F2BD8D3}.Release|Any CPU.ActiveCfg = Release|Any CPU
		{D463E1B0-0FB9-E642-D2A3-31773F2BD8D3}.Release|Any CPU.Build.0 = Release|Any CPU
		{143D83C3-2A1C-99F1-6A5E-82337A31E42D}.Debug|Any CPU.ActiveCfg = Debug|Any CPU
		{143D83C3-2A1C-99F1-6A5E-82337A31E42D}.Debug|Any CPU.Build.0 = Debug|Any CPU
		{143D83C3-2A1C-99F1-6A5E-82337A31E42D}.Release|Any CPU.ActiveCfg = Release|Any CPU
		{143D83C3-2A1C-99F1-6A5E-82337A31E42D}.Release|Any CPU.Build.0 = Release|Any CPU
	EndGlobalSection
	GlobalSection(SolutionProperties) = preSolution
		HideSolutionNode = FALSE
	EndGlobalSection
EndGlobal
